
Microsoft Visual Studio Solution File, Format Version 12.00
# Visual Studio 2012
Project("{FAE04EC0-301F-11D3-BF4B-00C04F79EFBC}") = "priceComparer", "priceComparer\priceComparer.csproj", "{47A037DC-755D-4283-919D-93F1392CE777}"
EndProject
Project("{6141683F-8A12-4E36-9623-2EB02B2C2303}") = "PriceComparerUa_setup", "PriceComparerUa_setup\PriceComparerUa_setup.isproj", "{7F4175CA-9A35-400C-836C-FE37BFCB9F3A}"
	ProjectSection(ProjectDependencies) = postProject
		{47A037DC-755D-4283-919D-93F1392CE777} = {47A037DC-755D-4283-919D-93F1392CE777}
	EndProjectSection
EndProject
Global
	GlobalSection(SolutionConfigurationPlatforms) = preSolution
		CD_ROM|Any CPU = CD_ROM|Any CPU
		Debug|Any CPU = Debug|Any CPU
		DVD-5|Any CPU = DVD-5|Any CPU
		Release|Any CPU = Release|Any CPU
		SingleImage|Any CPU = SingleImage|Any CPU
	EndGlobalSection
	GlobalSection(ProjectConfigurationPlatforms) = postSolution
		{47A037DC-755D-4283-919D-93F1392CE777}.CD_ROM|Any CPU.ActiveCfg = Release|Any CPU
		{47A037DC-755D-4283-919D-93F1392CE777}.CD_ROM|Any CPU.Build.0 = Release|Any CPU
		{47A037DC-755D-4283-919D-93F1392CE777}.Debug|Any CPU.ActiveCfg = Debug|Any CPU
		{47A037DC-755D-4283-919D-93F1392CE777}.Debug|Any CPU.Build.0 = Debug|Any CPU
		{47A037DC-755D-4283-919D-93F1392CE777}.DVD-5|Any CPU.ActiveCfg = Debug|Any CPU
		{47A037DC-755D-4283-919D-93F1392CE777}.DVD-5|Any CPU.Build.0 = Debug|Any CPU
		{47A037DC-755D-4283-919D-93F1392CE777}.Release|Any CPU.ActiveCfg = Release|Any CPU
		{47A037DC-755D-4283-919D-93F1392CE777}.Release|Any CPU.Build.0 = Release|Any CPU
		{47A037DC-755D-4283-919D-93F1392CE777}.SingleImage|Any CPU.ActiveCfg = Release|Any CPU
		{47A037DC-755D-4283-919D-93F1392CE777}.SingleImage|Any CPU.Build.0 = Release|Any CPU
		{7F4175CA-9A35-400C-836C-FE37BFCB9F3A}.CD_ROM|Any CPU.ActiveCfg = CD_ROM
		{7F4175CA-9A35-400C-836C-FE37BFCB9F3A}.CD_ROM|Any CPU.Build.0 = CD_ROM
		{7F4175CA-9A35-400C-836C-FE37BFCB9F3A}.Debug|Any CPU.ActiveCfg = DVD-5
		{7F4175CA-9A35-400C-836C-FE37BFCB9F3A}.Debug|Any CPU.Build.0 = DVD-5
		{7F4175CA-9A35-400C-836C-FE37BFCB9F3A}.DVD-5|Any CPU.ActiveCfg = DVD-5
		{7F4175CA-9A35-400C-836C-FE37BFCB9F3A}.DVD-5|Any CPU.Build.0 = DVD-5
		{7F4175CA-9A35-400C-836C-FE37BFCB9F3A}.Release|Any CPU.ActiveCfg = SingleImage
		{7F4175CA-9A35-400C-836C-FE37BFCB9F3A}.Release|Any CPU.Build.0 = SingleImage
		{7F4175CA-9A35-400C-836C-FE37BFCB9F3A}.SingleImage|Any CPU.ActiveCfg = SingleImage
		{7F4175CA-9A35-400C-836C-FE37BFCB9F3A}.SingleImage|Any CPU.Build.0 = SingleImage
	EndGlobalSection
	GlobalSection(SolutionProperties) = preSolution
		HideSolutionNode = FALSE
	EndGlobalSection
EndGlobal
